
Microsoft Visual Studio Solution File, Format Version 12.00
# Visual Studio Version 16
VisualStudioVersion = 16.0.31702.278
MinimumVisualStudioVersion = 10.0.40219.1
Project("{9A19103F-16F7-4668-BE54-9A1E7A4F7556}") = "Core", "Core\Core.csproj", "{3B9EFDA7-E958-4459-8DA4-B0FC6EACD5E0}"
EndProject
Project("{9A19103F-16F7-4668-BE54-9A1E7A4F7556}") = "Business", "Business\Business.csproj", "{649BEAC5-E1D9-4257-AF68-4747C597D72B}"
EndProject
Project("{9A19103F-16F7-4668-BE54-9A1E7A4F7556}") = "DataAccess", "DataAccess\DataAccess.csproj", "{A8C6CD9F-68F2-41AD-9DB2-49686ACC70B0}"
EndProject
Project("{9A19103F-16F7-4668-BE54-9A1E7A4F7556}") = "Entities", "Entities\Entities.csproj", "{5C253EEE-2A14-46EA-AF78-E8B8CD4ADE9E}"
EndProject
Project("{FAE04EC0-301F-11D3-BF4B-00C04F79EFBC}") = "WebAPI", "WebAPI\WebAPI.csproj", "{8DC73102-0590-40AF-8BD5-A87F6F206F77}"
EndProject
Global
	GlobalSection(SolutionConfigurationPlatforms) = preSolution
		Debug|Any CPU = Debug|Any CPU
		Release|Any CPU = Release|Any CPU
	EndGlobalSection
	GlobalSection(ProjectConfigurationPlatforms) = postSolution
		{3B9EFDA7-E958-4459-8DA4-B0FC6EACD5E0}.Debug|Any CPU.ActiveCfg = Debug|Any CPU
		{3B9EFDA7-E958-4459-8DA4-B0FC6EACD5E0}.Debug|Any CPU.Build.0 = Debug|Any CPU
		{3B9EFDA7-E958-4459-8DA4-B0FC6EACD5E0}.Release|Any CPU.ActiveCfg = Release|Any CPU
		{3B9EFDA7-E958-4459-8DA4-B0FC6EACD5E0}.Release|Any CPU.Build.0 = Release|Any CPU
		{649BEAC5-E1D9-4257-AF68-4747C597D72B}.Debug|Any CPU.ActiveCfg = Debug|Any CPU
		{649BEAC5-E1D9-4257-AF68-4747C597D72B}.Debug|Any CPU.Build.0 = Debug|Any CPU
		{649BEAC5-E1D9-4257-AF68-4747C597D72B}.Release|Any CPU.ActiveCfg = Release|Any CPU
		{649BEAC5-E1D9-4257-AF68-4747C597D72B}.Release|Any CPU.Build.0 = Release|Any CPU
		{A8C6CD9F-68F2-41AD-9DB2-49686ACC70B0}.Debug|Any CPU.ActiveCfg = Debug|Any CPU
		{A8C6CD9F-68F2-41AD-9DB2-49686ACC70B0}.Debug|Any CPU.Build.0 = Debug|Any CPU
		{A8C6CD9F-68F2-41AD-9DB2-49686ACC70B0}.Release|Any CPU.ActiveCfg = Release|Any CPU
		{A8C6CD9F-68F2-41AD-9DB2-49686ACC70B0}.Release|Any CPU.Build.0 = Release|Any CPU
		{5C253EEE-2A14-46EA-AF78-E8B8CD4ADE9E}.Debug|Any CPU.ActiveCfg = Debug|Any CPU
		{5C253EEE-2A14-46EA-AF78-E8B8CD4ADE9E}.Debug|Any CPU.Build.0 = Debug|Any CPU
		{5C253EEE-2A14-46EA-AF78-E8B8CD4ADE9E}.Release|Any CPU.ActiveCfg = Release|Any CPU
		{5C253EEE-2A14-46EA-AF78-E8B8CD4ADE9E}.Release|Any CPU.Build.0 = Release|Any CPU
		{8DC73102-0590-40AF-8BD5-A87F6F206F77}.Debug|Any CPU.ActiveCfg = Debug|Any CPU
		{8DC73102-0590-40AF-8BD5-A87F6F206F77}.Debug|Any CPU.Build.0 = Debug|Any CPU
		{8DC73102-0590-40AF-8BD5-A87F6F206F77}.Release|Any CPU.ActiveCfg = Release|Any CPU
		{8DC73102-0590-40AF-8BD5-A87F6F206F77}.Release|Any CPU.Build.0 = Release|Any CPU
	EndGlobalSection
	GlobalSection(SolutionProperties) = preSolution
		HideSolutionNode = FALSE
	EndGlobalSection
	GlobalSection(ExtensibilityGlobals) = postSolution
		SolutionGuid = {42249429-6821-4AEF-B707-C6934EDD9577}
	EndGlobalSection
EndGlobal
